// !$*UTF8*$!
{
	archiveVersion = 1;
	classes = {
	};
	objectVersion = 50;
	objects = {

/* Begin PBXBuildFile section */
		1CD2563923B1D4460057FE88 /* AppDelegate.swift in Sources */ = {isa = PBXBuildFile; fileRef = 1CD2563823B1D4460057FE88 /* AppDelegate.swift */; };
		1CD2563B23B1D4460057FE88 /* SceneDelegate.swift in Sources */ = {isa = PBXBuildFile; fileRef = 1CD2563A23B1D4460057FE88 /* SceneDelegate.swift */; };
		1CD2563D23B1D4460057FE88 /* ViewController.swift in Sources */ = {isa = PBXBuildFile; fileRef = 1CD2563C23B1D4460057FE88 /* ViewController.swift */; };
		1CD2564023B1D4460057FE88 /* Main.storyboard in Resources */ = {isa = PBXBuildFile; fileRef = 1CD2563E23B1D4460057FE88 /* Main.storyboard */; };
		1CD2564223B1D4480057FE88 /* Assets.xcassets in Resources */ = {isa = PBXBuildFile; fileRef = 1CD2564123B1D4480057FE88 /* Assets.xcassets */; };
		1CD2564523B1D4480057FE88 /* LaunchScreen.storyboard in Resources */ = {isa = PBXBuildFile; fileRef = 1CD2564323B1D4480057FE88 /* LaunchScreen.storyboard */; };
		1CD2565023B1D4480057FE88 /* Concentration_CopyTests.swift in Sources */ = {isa = PBXBuildFile; fileRef = 1CD2564F23B1D4480057FE88 /* Concentration_CopyTests.swift */; };
		1CD2565B23B1D4480057FE88 /* Concentration_CopyUITests.swift in Sources */ = {isa = PBXBuildFile; fileRef = 1CD2565A23B1D4480057FE88 /* Concentration_CopyUITests.swift */; };
/* End PBXBuildFile section */

/* Begin PBXContainerItemProxy section */
		1CD2564C23B1D4480057FE88 /* PBXContainerItemProxy */ = {
			isa = PBXContainerItemProxy;
			containerPortal = 1CD2562D23B1D4460057FE88 /* Project object */;
			proxyType = 1;
			remoteGlobalIDString = 1CD2563423B1D4460057FE88;
			remoteInfo = "Concentration Copy";
		};
		1CD2565723B1D4480057FE88 /* PBXContainerItemProxy */ = {
			isa = PBXContainerItemProxy;
			containerPortal = 1CD2562D23B1D4460057FE88 /* Project object */;
			proxyType = 1;
			remoteGlobalIDString = 1CD2563423B1D4460057FE88;
			remoteInfo = "Concentration Copy";
		};
/* End PBXContainerItemProxy section */

/* Begin PBXFileReference section */
		1CD2563523B1D4460057FE88 /* Concentration Copy.app */ = {isa = PBXFileReference; explicitFileType = wrapper.application; includeInIndex = 0; path = "Concentration Copy.app"; sourceTree = BUILT_PRODUCTS_DIR; };
		1CD2563823B1D4460057FE88 /* AppDelegate.swift */ = {isa = PBXFileReference; lastKnownFileType = sourcecode.swift; path = AppDelegate.swift; sourceTree = "<group>"; };
		1CD2563A23B1D4460057FE88 /* SceneDelegate.swift */ = {isa = PBXFileReference; lastKnownFileType = sourcecode.swift; path = SceneDelegate.swift; sourceTree = "<group>"; };
		1CD2563C23B1D4460057FE88 /* ViewController.swift */ = {isa = PBXFileReference; lastKnownFileType = sourcecode.swift; path = ViewController.swift; sourceTree = "<group>"; };
		1CD2563F23B1D4460057FE88 /* Base */ = {isa = PBXFileReference; lastKnownFileType = file.storyboard; name = Base; path = Base.lproj/Main.storyboard; sourceTree = "<group>"; };
		1CD2564123B1D4480057FE88 /* Assets.xcassets */ = {isa = PBXFileReference; lastKnownFileType = folder.assetcatalog; path = Assets.xcassets; sourceTree = "<group>"; };
		1CD2564423B1D4480057FE88 /* Base */ = {isa = PBXFileReference; lastKnownFileType = file.storyboard; name = Base; path = Base.lproj/LaunchScreen.storyboard; sourceTree = "<group>"; };
		1CD2564623B1D4480057FE88 /* Info.plist */ = {isa = PBXFileReference; lastKnownFileType = text.plist.xml; path = Info.plist; sourceTree = "<group>"; };
		1CD2564B23B1D4480057FE88 /* Concentration CopyTests.xctest */ = {isa = PBXFileReference; explicitFileType = wrapper.cfbundle; includeInIndex = 0; path = "Concentration CopyTests.xctest"; sourceTree = BUILT_PRODUCTS_DIR; };
		1CD2564F23B1D4480057FE88 /* Concentration_CopyTests.swift */ = {isa = PBXFileReference; lastKnownFileType = sourcecode.swift; path = Concentration_CopyTests.swift; sourceTree = "<group>"; };
		1CD2565123B1D4480057FE88 /* Info.plist */ = {isa = PBXFileReference; lastKnownFileType = text.plist.xml; path = Info.plist; sourceTree = "<group>"; };
		1CD2565623B1D4480057FE88 /* Concentration CopyUITests.xctest */ = {isa = PBXFileReference; explicitFileType = wrapper.cfbundle; includeInIndex = 0; path = "Concentration CopyUITests.xctest"; sourceTree = BUILT_PRODUCTS_DIR; };
		1CD2565A23B1D4480057FE88 /* Concentration_CopyUITests.swift */ = {isa = PBXFileReference; lastKnownFileType = sourcecode.swift; path = Concentration_CopyUITests.swift; sourceTree = "<group>"; };
		1CD2565C23B1D4480057FE88 /* Info.plist */ = {isa = PBXFileReference; lastKnownFileType = text.plist.xml; path = Info.plist; sourceTree = "<group>"; };
/* End PBXFileReference section */

/* Begin PBXFrameworksBuildPhase section */
		1CD2563223B1D4460057FE88 /* Frameworks */ = {
			isa = PBXFrameworksBuildPhase;
			buildActionMask = 2147483647;
			files = (
			);
			runOnlyForDeploymentPostprocessing = 0;
		};
		1CD2564823B1D4480057FE88 /* Frameworks */ = {
			isa = PBXFrameworksBuildPhase;
			buildActionMask = 2147483647;
			files = (
			);
			runOnlyForDeploymentPostprocessing = 0;
		};
		1CD2565323B1D4480057FE88 /* Frameworks */ = {
			isa = PBXFrameworksBuildPhase;
			buildActionMask = 2147483647;
			files = (
			);
			runOnlyForDeploymentPostprocessing = 0;
		};
/* End PBXFrameworksBuildPhase section */

/* Begin PBXGroup section */
		1CD2562C23B1D4460057FE88 = {
			isa = PBXGroup;
			children = (
				1CD2563723B1D4460057FE88 /* Concentration Copy */,
				1CD2564E23B1D4480057FE88 /* Concentration CopyTests */,
				1CD2565923B1D4480057FE88 /* Concentration CopyUITests */,
				1CD2563623B1D4460057FE88 /* Products */,
			);
			sourceTree = "<group>";
		};
		1CD2563623B1D4460057FE88 /* Products */ = {
			isa = PBXGroup;
			children = (
				1CD2563523B1D4460057FE88 /* Concentration Copy.app */,
				1CD2564B23B1D4480057FE88 /* Concentration CopyTests.xctest */,
				1CD2565623B1D4480057FE88 /* Concentration CopyUITests.xctest */,
			);
			name = Products;
			sourceTree = "<group>";
		};
		1CD2563723B1D4460057FE88 /* Concentration Copy */ = {
			isa = PBXGroup;
			children = (
				1CD2563823B1D4460057FE88 /* AppDelegate.swift */,
				1CD2563A23B1D4460057FE88 /* SceneDelegate.swift */,
				1CD2563C23B1D4460057FE88 /* ViewController.swift */,
				1CD2563E23B1D4460057FE88 /* Main.storyboard */,
				1CD2564123B1D4480057FE88 /* Assets.xcassets */,
				1CD2564323B1D4480057FE88 /* LaunchScreen.storyboard */,
				1CD2564623B1D4480057FE88 /* Info.plist */,
			);
			path = "Concentration Copy";
			sourceTree = "<group>";
		};
		1CD2564E23B1D4480057FE88 /* Concentration CopyTests */ = {
			isa = PBXGroup;
			children = (
				1CD2564F23B1D4480057FE88 /* Concentration_CopyTests.swift */,
				1CD2565123B1D4480057FE88 /* Info.plist */,
			);
			path = "Concentration CopyTests";
			sourceTree = "<group>";
		};
		1CD2565923B1D4480057FE88 /* Concentration CopyUITests */ = {
			isa = PBXGroup;
			children = (
				1CD2565A23B1D4480057FE88 /* Concentration_CopyUITests.swift */,
				1CD2565C23B1D4480057FE88 /* Info.plist */,
			);
			path = "Concentration CopyUITests";
			sourceTree = "<group>";
		};
/* End PBXGroup section */

/* Begin PBXNativeTarget section */
		1CD2563423B1D4460057FE88 /* Concentration Copy */ = {
			isa = PBXNativeTarget;
			buildConfigurationList = 1CD2565F23B1D4480057FE88 /* Build configuration list for PBXNativeTarget "Concentration Copy" */;
			buildPhases = (
				1CD2563123B1D4460057FE88 /* Sources */,
				1CD2563223B1D4460057FE88 /* Frameworks */,
				1CD2563323B1D4460057FE88 /* Resources */,
			);
			buildRules = (
			);
			dependencies = (
			);
			name = "Concentration Copy";
			productName = "Concentration Copy";
			productReference = 1CD2563523B1D4460057FE88 /* Concentration Copy.app */;
			productType = "com.apple.product-type.application";
		};
		1CD2564A23B1D4480057FE88 /* Concentration CopyTests */ = {
			isa = PBXNativeTarget;
			buildConfigurationList = 1CD2566223B1D4480057FE88 /* Build configuration list for PBXNativeTarget "Concentration CopyTests" */;
			buildPhases = (
				1CD2564723B1D4480057FE88 /* Sources */,
				1CD2564823B1D4480057FE88 /* Frameworks */,
				1CD2564923B1D4480057FE88 /* Resources */,
			);
			buildRules = (
			);
			dependencies = (
				1CD2564D23B1D4480057FE88 /* PBXTargetDependency */,
			);
			name = "Concentration CopyTests";
			productName = "Concentration CopyTests";
			productReference = 1CD2564B23B1D4480057FE88 /* Concentration CopyTests.xctest */;
			productType = "com.apple.product-type.bundle.unit-test";
		};
		1CD2565523B1D4480057FE88 /* Concentration CopyUITests */ = {
			isa = PBXNativeTarget;
			buildConfigurationList = 1CD2566523B1D4480057FE88 /* Build configuration list for PBXNativeTarget "Concentration CopyUITests" */;
			buildPhases = (
				1CD2565223B1D4480057FE88 /* Sources */,
				1CD2565323B1D4480057FE88 /* Frameworks */,
				1CD2565423B1D4480057FE88 /* Resources */,
			);
			buildRules = (
			);
			dependencies = (
				1CD2565823B1D4480057FE88 /* PBXTargetDependency */,
			);
			name = "Concentration CopyUITests";
			productName = "Concentration CopyUITests";
			productReference = 1CD2565623B1D4480057FE88 /* Concentration CopyUITests.xctest */;
			productType = "com.apple.product-type.bundle.ui-testing";
		};
/* End PBXNativeTarget section */

/* Begin PBXProject section */
		1CD2562D23B1D4460057FE88 /* Project object */ = {
			isa = PBXProject;
			attributes = {
				LastSwiftUpdateCheck = 1130;
				LastUpgradeCheck = 1130;
				ORGANIZATIONNAME = "Hieu Pham";
				TargetAttributes = {
					1CD2563423B1D4460057FE88 = {
						CreatedOnToolsVersion = 11.3;
					};
					1CD2564A23B1D4480057FE88 = {
						CreatedOnToolsVersion = 11.3;
						TestTargetID = 1CD2563423B1D4460057FE88;
					};
					1CD2565523B1D4480057FE88 = {
						CreatedOnToolsVersion = 11.3;
						TestTargetID = 1CD2563423B1D4460057FE88;
					};
				};
			};
			buildConfigurationList = 1CD2563023B1D4460057FE88 /* Build configuration list for PBXProject "Concentration Copy" */;
			compatibilityVersion = "Xcode 9.3";
			developmentRegion = en;
			hasScannedForEncodings = 0;
			knownRegions = (
				en,
				Base,
			);
			mainGroup = 1CD2562C23B1D4460057FE88;
			productRefGroup = 1CD2563623B1D4460057FE88 /* Products */;
			projectDirPath = "";
			projectRoot = "";
			targets = (
				1CD2563423B1D4460057FE88 /* Concentration Copy */,
				1CD2564A23B1D4480057FE88 /* Concentration CopyTests */,
				1CD2565523B1D4480057FE88 /* Concentration CopyUITests */,
			);
		};
/* End PBXProject section */

/* Begin PBXResourcesBuildPhase section */
		1CD2563323B1D4460057FE88 /* Resources */ = {
			isa = PBXResourcesBuildPhase;
			buildActionMask = 2147483647;
			files = (
				1CD2564523B1D4480057FE88 /* LaunchScreen.storyboard in Resources */,
				1CD2564223B1D4480057FE88 /* Assets.xcassets in Resources */,
				1CD2564023B1D4460057FE88 /* Main.storyboard in Resources */,
			);
			runOnlyForDeploymentPostprocessing = 0;
		};
		1CD2564923B1D4480057FE88 /* Resources */ = {
			isa = PBXResourcesBuildPhase;
			buildActionMask = 2147483647;
			files = (
			);
			runOnlyForDeploymentPostprocessing = 0;
		};
		1CD2565423B1D4480057FE88 /* Resources */ = {
			isa = PBXResourcesBuildPhase;
			buildActionMask = 2147483647;
			files = (
			);
			runOnlyForDeploymentPostprocessing = 0;
		};
/* End PBXResourcesBuildPhase section */

/* Begin PBXSourcesBuildPhase section */
		1CD2563123B1D4460057FE88 /* Sources */ = {
			isa = PBXSourcesBuildPhase;
			buildActionMask = 2147483647;
			files = (
				1CD2563D23B1D4460057FE88 /* ViewController.swift in Sources */,
				1CD2563923B1D4460057FE88 /* AppDelegate.swift in Sources */,
				1CD2563B23B1D4460057FE88 /* SceneDelegate.swift in Sources */,
			);
			runOnlyForDeploymentPostprocessing = 0;
		};
		1CD2564723B1D4480057FE88 /* Sources */ = {
			isa = PBXSourcesBuildPhase;
			buildActionMask = 2147483647;
			files = (
				1CD2565023B1D4480057FE88 /* Concentration_CopyTests.swift in Sources */,
			);
			runOnlyForDeploymentPostprocessing = 0;
		};
		1CD2565223B1D4480057FE88 /* Sources */ = {
			isa = PBXSourcesBuildPhase;
			buildActionMask = 2147483647;
			files = (
				1CD2565B23B1D4480057FE88 /* Concentration_CopyUITests.swift in Sources */,
			);
			runOnlyForDeploymentPostprocessing = 0;
		};
/* End PBXSourcesBuildPhase section */

/* Begin PBXTargetDependency section */
		1CD2564D23B1D4480057FE88 /* PBXTargetDependency */ = {
			isa = PBXTargetDependency;
			target = 1CD2563423B1D4460057FE88 /* Concentration Copy */;
			targetProxy = 1CD2564C23B1D4480057FE88 /* PBXContainerItemProxy */;
		};
		1CD2565823B1D4480057FE88 /* PBXTargetDependency */ = {
			isa = PBXTargetDependency;
			target = 1CD2563423B1D4460057FE88 /* Concentration Copy */;
			targetProxy = 1CD2565723B1D4480057FE88 /* PBXContainerItemProxy */;
		};
/* End PBXTargetDependency section */

/* Begin PBXVariantGroup section */
		1CD2563E23B1D4460057FE88 /* Main.storyboard */ = {
			isa = PBXVariantGroup;
			children = (
				1CD2563F23B1D4460057FE88 /* Base */,
			);
			name = Main.storyboard;
			sourceTree = "<group>";
		};
		1CD2564323B1D4480057FE88 /* LaunchScreen.storyboard */ = {
			isa = PBXVariantGroup;
			children = (
				1CD2564423B1D4480057FE88 /* Base */,
			);
			name = LaunchScreen.storyboard;
			sourceTree = "<group>";
		};
/* End PBXVariantGroup section */

/* Begin XCBuildConfiguration section */
		1CD2565D23B1D4480057FE88 /* Debug */ = {
			isa = XCBuildConfiguration;
			buildSettings = {
				ALWAYS_SEARCH_USER_PATHS = NO;
				CLANG_ANALYZER_NONNULL = YES;
				CLANG_ANALYZER_NUMBER_OBJECT_CONVERSION = YES_AGGRESSIVE;
				CLANG_CXX_LANGUAGE_STANDARD = "gnu++14";
				CLANG_CXX_LIBRARY = "libc++";
				CLANG_ENABLE_MODULES = YES;
				CLANG_ENABLE_OBJC_ARC = YES;
				CLANG_ENABLE_OBJC_WEAK = YES;
				CLANG_WARN_BLOCK_CAPTURE_AUTORELEASING = YES;
				CLANG_WARN_BOOL_CONVERSION = YES;
				CLANG_WARN_COMMA = YES;
				CLANG_WARN_CONSTANT_CONVERSION = YES;
				CLANG_WARN_DEPRECATED_OBJC_IMPLEMENTATIONS = YES;
				CLANG_WARN_DIRECT_OBJC_ISA_USAGE = YES_ERROR;
				CLANG_WARN_DOCUMENTATION_COMMENTS = YES;
				CLANG_WARN_EMPTY_BODY = YES;
				CLANG_WARN_ENUM_CONVERSION = YES;
				CLANG_WARN_INFINITE_RECURSION = YES;
				CLANG_WARN_INT_CONVERSION = YES;
				CLANG_WARN_NON_LITERAL_NULL_CONVERSION = YES;
				CLANG_WARN_OBJC_IMPLICIT_RETAIN_SELF = YES;
				CLANG_WARN_OBJC_LITERAL_CONVERSION = YES;
				CLANG_WARN_OBJC_ROOT_CLASS = YES_ERROR;
				CLANG_WARN_RANGE_LOOP_ANALYSIS = YES;
				CLANG_WARN_STRICT_PROTOTYPES = YES;
				CLANG_WARN_SUSPICIOUS_MOVE = YES;
				CLANG_WARN_UNGUARDED_AVAILABILITY = YES_AGGRESSIVE;
				CLANG_WARN_UNREACHABLE_CODE = YES;
				CLANG_WARN__DUPLICATE_METHOD_MATCH = YES;
				COPY_PHASE_STRIP = NO;
				DEBUG_INFORMATION_FORMAT = dwarf;
				ENABLE_STRICT_OBJC_MSGSEND = YES;
				ENABLE_TESTABILITY = YES;
				GCC_C_LANGUAGE_STANDARD = gnu11;
				GCC_DYNAMIC_NO_PIC = NO;
				GCC_NO_COMMON_BLOCKS = YES;
				GCC_OPTIMIZATION_LEVEL = 0;
				GCC_PREPROCESSOR_DEFINITIONS = (
					"DEBUG=1",
					"$(inherited)",
				);
				GCC_WARN_64_TO_32_BIT_CONVERSION = YES;
				GCC_WARN_ABOUT_RETURN_TYPE = YES_ERROR;
				GCC_WARN_UNDECLARED_SELECTOR = YES;
				GCC_WARN_UNINITIALIZED_AUTOS = YES_AGGRESSIVE;
				GCC_WARN_UNUSED_FUNCTION = YES;
				GCC_WARN_UNUSED_VARIABLE = YES;
				IPHONEOS_DEPLOYMENT_TARGET = 13.2;
				MTL_ENABLE_DEBUG_INFO = INCLUDE_SOURCE;
				MTL_FAST_MATH = YES;
				ONLY_ACTIVE_ARCH = YES;
				SDKROOT = iphoneos;
				SWIFT_ACTIVE_COMPILATION_CONDITIONS = DEBUG;
				SWIFT_OPTIMIZATION_LEVEL = "-Onone";
			};
			name = Debug;
		};
		1CD2565E23B1D4480057FE88 /* Release */ = {
			isa = XCBuildConfiguration;
			buildSettings = {
				ALWAYS_SEARCH_USER_PATHS = NO;
				CLANG_ANALYZER_NONNULL = YES;
				CLANG_ANALYZER_NUMBER_OBJECT_CONVERSION = YES_AGGRESSIVE;
				CLANG_CXX_LANGUAGE_STANDARD = "gnu++14";
				CLANG_CXX_LIBRARY = "libc++";
				CLANG_ENABLE_MODULES = YES;
				CLANG_ENABLE_OBJC_ARC = YES;
				CLANG_ENABLE_OBJC_WEAK = YES;
				CLANG_WARN_BLOCK_CAPTURE_AUTORELEASING = YES;
				CLANG_WARN_BOOL_CONVERSION = YES;
				CLANG_WARN_COMMA = YES;
				CLANG_WARN_CONSTANT_CONVERSION = YES;
				CLANG_WARN_DEPRECATED_OBJC_IMPLEMENTATIONS = YES;
				CLANG_WARN_DIRECT_OBJC_ISA_USAGE = YES_ERROR;
				CLANG_WARN_DOCUMENTATION_COMMENTS = YES;
				CLANG_WARN_EMPTY_BODY = YES;
				CLANG_WARN_ENUM_CONVERSION = YES;
				CLANG_WARN_INFINITE_RECURSION = YES;
				CLANG_WARN_INT_CONVERSION = YES;
				CLANG_WARN_NON_LITERAL_NULL_CONVERSION = YES;
				CLANG_WARN_OBJC_IMPLICIT_RETAIN_SELF = YES;
				CLANG_WARN_OBJC_LITERAL_CONVERSION = YES;
				CLANG_WARN_OBJC_ROOT_CLASS = YES_ERROR;
				CLANG_WARN_RANGE_LOOP_ANALYSIS = YES;
				CLANG_WARN_STRICT_PROTOTYPES = YES;
				CLANG_WARN_SUSPICIOUS_MOVE = YES;
				CLANG_WARN_UNGUARDED_AVAILABILITY = YES_AGGRESSIVE;
				CLANG_WARN_UNREACHABLE_CODE = YES;
				CLANG_WARN__DUPLICATE_METHOD_MATCH = YES;
				COPY_PHASE_STRIP = NO;
				DEBUG_INFORMATION_FORMAT = "dwarf-with-dsym";
				ENABLE_NS_ASSERTIONS = NO;
				ENABLE_STRICT_OBJC_MSGSEND = YES;
				GCC_C_LANGUAGE_STANDARD = gnu11;
				GCC_NO_COMMON_BLOCKS = YES;
				GCC_WARN_64_TO_32_BIT_CONVERSION = YES;
				GCC_WARN_ABOUT_RETURN_TYPE = YES_ERROR;
				GCC_WARN_UNDECLARED_SELECTOR = YES;
				GCC_WARN_UNINITIALIZED_AUTOS = YES_AGGRESSIVE;
				GCC_WARN_UNUSED_FUNCTION = YES;
				GCC_WARN_UNUSED_VARIABLE = YES;
				IPHONEOS_DEPLOYMENT_TARGET = 13.2;
				MTL_ENABLE_DEBUG_INFO = NO;
				MTL_FAST_MATH = YES;
				SDKROOT = iphoneos;
				SWIFT_COMPILATION_MODE = wholemodule;
				SWIFT_OPTIMIZATION_LEVEL = "-O";
				VALIDATE_PRODUCT = YES;
			};
			name = Release;
		};
		1CD2566023B1D4480057FE88 /* Debug */ = {
			isa = XCBuildConfiguration;
			buildSettings = {
				ASSETCATALOG_COMPILER_APPICON_NAME = AppIcon;
				CODE_SIGN_STYLE = Automatic;
				INFOPLIST_FILE = "Concentration Copy/Info.plist";
				LD_RUNPATH_SEARCH_PATHS = (
					"$(inherited)",
					"@executable_path/Frameworks",
				);
				PRODUCT_BUNDLE_IDENTIFIER = "edu.case.hmp43.Concentration-Copy";
				PRODUCT_NAME = "$(TARGET_NAME)";
				SWIFT_VERSION = 5.0;
				TARGETED_DEVICE_FAMILY = "1,2";
			};
			name = Debug;
		};
		1CD2566123B1D4480057FE88 /* Release */ = {
			isa = XCBuildConfiguration;
			buildSettings = {
				ASSETCATALOG_COMPILER_APPICON_NAME = AppIcon;
				CODE_SIGN_STYLE = Automatic;
				INFOPLIST_FILE = "Concentration Copy/Info.plist";
				LD_RUNPATH_SEARCH_PATHS = (
					"$(inherited)",
					"@executable_path/Frameworks",
				);
				PRODUCT_BUNDLE_IDENTIFIER = "edu.case.hmp43.Concentration-Copy";
				PRODUCT_NAME = "$(TARGET_NAME)";
				SWIFT_VERSION = 5.0;
				TARGETED_DEVICE_FAMILY = "1,2";
			};
			name = Release;
		};
		1CD2566323B1D4480057FE88 /* Debug */ = {
			isa = XCBuildConfiguration;
			buildSettings = {
				ALWAYS_EMBED_SWIFT_STANDARD_LIBRARIES = YES;
				BUNDLE_LOADER = "$(TEST_HOST)";
				CODE_SIGN_STYLE = Automatic;
				INFOPLIST_FILE = "Concentration CopyTests/Info.plist";
				IPHONEOS_DEPLOYMENT_TARGET = 13.2;
				LD_RUNPATH_SEARCH_PATHS = (
					"$(inherited)",
					"@executable_path/Frameworks",
					"@loader_path/Frameworks",
				);
				PRODUCT_BUNDLE_IDENTIFIER = "edu.case.hmp43.Concentration-CopyTests";
				PRODUCT_NAME = "$(TARGET_NAME)";
				SWIFT_VERSION = 5.0;
				TARGETED_DEVICE_FAMILY = "1,2";
				TEST_HOST = "$(BUILT_PRODUCTS_DIR)/Concentration Copy.app/Concentration Copy";
			};
			name = Debug;
		};
		1CD2566423B1D4480057FE88 /* Release */ = {
			isa = XCBuildConfiguration;
			buildSettings = {
				ALWAYS_EMBED_SWIFT_STANDARD_LIBRARIES = YES;
				BUNDLE_LOADER = "$(TEST_HOST)";
				CODE_SIGN_STYLE = Automatic;
				INFOPLIST_FILE = "Concentration CopyTests/Info.plist";
				IPHONEOS_DEPLOYMENT_TARGET = 13.2;
				LD_RUNPATH_SEARCH_PATHS = (
					"$(inherited)",
					"@executable_path/Frameworks",
					"@loader_path/Frameworks",
				);
				PRODUCT_BUNDLE_IDENTIFIER = "edu.case.hmp43.Concentration-CopyTests";
				PRODUCT_NAME = "$(TARGET_NAME)";
				SWIFT_VERSION = 5.0;
				TARGETED_DEVICE_FAMILY = "1,2";
				TEST_HOST = "$(BUILT_PRODUCTS_DIR)/Concentration Copy.app/Concentration Copy";
			};
			name = Release;
		};
		1CD2566623B1D4480057FE88 /* Debug */ = {
			isa = XCBuildConfiguration;
			buildSettings = {
				ALWAYS_EMBED_SWIFT_STANDARD_LIBRARIES = YES;
				CODE_SIGN_STYLE = Automatic;
				INFOPLIST_FILE = "Concentration CopyUITests/Info.plist";
				LD_RUNPATH_SEARCH_PATHS = (
					"$(inherited)",
					"@executable_path/Frameworks",
					"@loader_path/Frameworks",
				);
				PRODUCT_BUNDLE_IDENTIFIER = "edu.case.hmp43.Concentration-CopyUITests";
				PRODUCT_NAME = "$(TARGET_NAME)";
				SWIFT_VERSION = 5.0;
				TARGETED_DEVICE_FAMILY = "1,2";
				TEST_TARGET_NAME = "Concentration Copy";
			};
			name = Debug;
		};
		1CD2566723B1D4480057FE88 /* Release */ = {
			isa = XCBuildConfiguration;
			buildSettings = {
				ALWAYS_EMBED_SWIFT_STANDARD_LIBRARIES = YES;
				CODE_SIGN_STYLE = Automatic;
				INFOPLIST_FILE = "Concentration CopyUITests/Info.plist";
				LD_RUNPATH_SEARCH_PATHS = (
					"$(inherited)",
					"@executable_path/Frameworks",
					"@loader_path/Frameworks",
				);
				PRODUCT_BUNDLE_IDENTIFIER = "edu.case.hmp43.Concentration-CopyUITests";
				PRODUCT_NAME = "$(TARGET_NAME)";
				SWIFT_VERSION = 5.0;
				TARGETED_DEVICE_FAMILY = "1,2";
				TEST_TARGET_NAME = "Concentration Copy";
			};
			name = Release;
		};
/* End XCBuildConfiguration section */

/* Begin XCConfigurationList section */
		1CD2563023B1D4460057FE88 /* Build configuration list for PBXProject "Concentration Copy" */ = {
			isa = XCConfigurationList;
			buildConfigurations = (
				1CD2565D23B1D4480057FE88 /* Debug */,
				1CD2565E23B1D4480057FE88 /* Release */,
			);
			defaultConfigurationIsVisible = 0;
			defaultConfigurationName = Release;
		};
		1CD2565F23B1D4480057FE88 /* Build configuration list for PBXNativeTarget "Concentration Copy" */ = {
			isa = XCConfigurationList;
			buildConfigurations = (
				1CD2566023B1D4480057FE88 /* Debug */,
				1CD2566123B1D4480057FE88 /* Release */,
			);
			defaultConfigurationIsVisible = 0;
			defaultConfigurationName = Release;
		};
		1CD2566223B1D4480057FE88 /* Build configuration list for PBXNativeTarget "Concentration CopyTests" */ = {
			isa = XCConfigurationList;
			buildConfigurations = (
				1CD2566323B1D4480057FE88 /* Debug */,
				1CD2566423B1D4480057FE88 /* Release */,
			);
			defaultConfigurationIsVisible = 0;
			defaultConfigurationName = Release;
		};
		1CD2566523B1D4480057FE88 /* Build configuration list for PBXNativeTarget "Concentration CopyUITests" */ = {
			isa = XCConfigurationList;
			buildConfigurations = (
				1CD2566623B1D4480057FE88 /* Debug */,
				1CD2566723B1D4480057FE88 /* Release */,
			);
			defaultConfigurationIsVisible = 0;
			defaultConfigurationName = Release;
		};
/* End XCConfigurationList section */
	};
	rootObject = 1CD2562D23B1D4460057FE88 /* Project object */;
}
